
Microsoft Visual Studio Solution File, Format Version 12.00
# Visual Studio Version 17
VisualStudioVersion = 17.8.34511.84
MinimumVisualStudioVersion = 10.0.40219.1
Project("{2150E333-8FDC-42A3-9474-1A3956D46DE8}") = "FrontEnd", "FrontEnd", "{5AE23E2A-9B49-4B3C-ACAD-F54B804C8FBD}"
EndProject
Project("{2150E333-8FDC-42A3-9474-1A3956D46DE8}") = "Services", "Services", "{93D11826-114E-4AC6-8F0D-76AF1C76D512}"
EndProject
Project("{FAE04EC0-301F-11D3-BF4B-00C04F79EFBC}") = "GeekShopping.Web", "GeekShopping.Web\GeekShopping.Web.csproj", "{D7C7DE62-3089-4420-8855-8B22BF174A42}"
EndProject
Project("{FAE04EC0-301F-11D3-BF4B-00C04F79EFBC}") = "GeekShopping.ProductAPI", "GeekShopping.ProductAPI\GeekShopping.ProductAPI.csproj", "{67F28EAB-52D2-46D7-93D9-CA629336D6E3}"
EndProject
Global
	GlobalSection(SolutionConfigurationPlatforms) = preSolution
		Debug|Any CPU = Debug|Any CPU
		Release|Any CPU = Release|Any CPU
	EndGlobalSection
	GlobalSection(ProjectConfigurationPlatforms) = postSolution
		{D7C7DE62-3089-4420-8855-8B22BF174A42}.Debug|Any CPU.ActiveCfg = Debug|Any CPU
		{D7C7DE62-3089-4420-8855-8B22BF174A42}.Debug|Any CPU.Build.0 = Debug|Any CPU
		{D7C7DE62-3089-4420-8855-8B22BF174A42}.Release|Any CPU.ActiveCfg = Release|Any CPU
		{D7C7DE62-3089-4420-8855-8B22BF174A42}.Release|Any CPU.Build.0 = Release|Any CPU
		{67F28EAB-52D2-46D7-93D9-CA629336D6E3}.Debug|Any CPU.ActiveCfg = Debug|Any CPU
		{67F28EAB-52D2-46D7-93D9-CA629336D6E3}.Debug|Any CPU.Build.0 = Debug|Any CPU
		{67F28EAB-52D2-46D7-93D9-CA629336D6E3}.Release|Any CPU.ActiveCfg = Release|Any CPU
		{67F28EAB-52D2-46D7-93D9-CA629336D6E3}.Release|Any CPU.Build.0 = Release|Any CPU
	EndGlobalSection
	GlobalSection(SolutionProperties) = preSolution
		HideSolutionNode = FALSE
	EndGlobalSection
	GlobalSection(NestedProjects) = preSolution
		{D7C7DE62-3089-4420-8855-8B22BF174A42} = {5AE23E2A-9B49-4B3C-ACAD-F54B804C8FBD}
		{67F28EAB-52D2-46D7-93D9-CA629336D6E3} = {93D11826-114E-4AC6-8F0D-76AF1C76D512}
	EndGlobalSection
	GlobalSection(ExtensibilityGlobals) = postSolution
		SolutionGuid = {EC548617-F3B6-4B00-98BD-050251330B63}
	EndGlobalSection
EndGlobal
